
Microsoft Visual Studio Solution File, Format Version 12.00
# Visual Studio Version 16
VisualStudioVersion = 16.0.31410.357
MinimumVisualStudioVersion = 10.0.40219.1
Project("{FAE04EC0-301F-11D3-BF4B-00C04F79EFBC}") = "BlazorToolsCI", "BlazorToolsCI\BlazorToolsCI.csproj", "{C03262C8-FAF1-4A7B-A7B1-A63E2B7A26B3}"
EndProject
Project("{FAE04EC0-301F-11D3-BF4B-00C04F79EFBC}") = "TestProject1", "TestProject1\TestProject1.csproj", "{1FBD3D18-7766-4E76-AC0F-794BD98C0788}"
EndProject
Global
	GlobalSection(SolutionConfigurationPlatforms) = preSolution
		Debug|Any CPU = Debug|Any CPU
		Release|Any CPU = Release|Any CPU
	EndGlobalSection
	GlobalSection(ProjectConfigurationPlatforms) = postSolution
		{C03262C8-FAF1-4A7B-A7B1-A63E2B7A26B3}.Debug|Any CPU.ActiveCfg = Debug|Any CPU
		{C03262C8-FAF1-4A7B-A7B1-A63E2B7A26B3}.Debug|Any CPU.Build.0 = Debug|Any CPU
		{C03262C8-FAF1-4A7B-A7B1-A63E2B7A26B3}.Release|Any CPU.ActiveCfg = Release|Any CPU
		{C03262C8-FAF1-4A7B-A7B1-A63E2B7A26B3}.Release|Any CPU.Build.0 = Release|Any CPU
		{1FBD3D18-7766-4E76-AC0F-794BD98C0788}.Debug|Any CPU.ActiveCfg = Debug|Any CPU
		{1FBD3D18-7766-4E76-AC0F-794BD98C0788}.Debug|Any CPU.Build.0 = Debug|Any CPU
		{1FBD3D18-7766-4E76-AC0F-794BD98C0788}.Release|Any CPU.ActiveCfg = Release|Any CPU
		{1FBD3D18-7766-4E76-AC0F-794BD98C0788}.Release|Any CPU.Build.0 = Release|Any CPU
	EndGlobalSection
	GlobalSection(SolutionProperties) = preSolution
		HideSolutionNode = FALSE
	EndGlobalSection
	GlobalSection(ExtensibilityGlobals) = postSolution
		SolutionGuid = {2359AC9B-AE9E-4A4A-B7FC-C228D7EF97E9}
	EndGlobalSection
EndGlobal
